
Microsoft Visual Studio Solution File, Format Version 12.00
# Visual Studio 15
Project("{FAE04EC0-301F-11D3-BF4B-00C04F79EFBC}") = "Assembly-CSharp-firstpass", "Assembly-CSharp-firstpass.csproj", "{FA55489C-B31F-7D56-900A-771DBBA5CA99}"
EndProject
Project("{FAE04EC0-301F-11D3-BF4B-00C04F79EFBC}") = "Assembly-CSharp", "Assembly-CSharp.csproj", "{4C99A230-6AF4-4D76-B6AF-CA8DBBAB2934}"
EndProject
Project("{FAE04EC0-301F-11D3-BF4B-00C04F79EFBC}") = "Assembly-CSharp-Editor-firstpass", "Assembly-CSharp-Editor-firstpass.csproj", "{981365C8-AD83-DF36-43FD-2897B9DA76DE}"
EndProject
Project("{FAE04EC0-301F-11D3-BF4B-00C04F79EFBC}") = "Assembly-CSharp-Editor", "Assembly-CSharp-Editor.csproj", "{6C29ECC5-2343-792C-E5D2-F4E03386132E}"
EndProject
Global
	GlobalSection(SolutionConfigurationPlatforms) = preSolution
		Debug|Any CPU = Debug|Any CPU
		Release|Any CPU = Release|Any CPU
	EndGlobalSection
	GlobalSection(ProjectConfigurationPlatforms) = postSolution
		{FA55489C-B31F-7D56-900A-771DBBA5CA99}.Debug|Any CPU.ActiveCfg = Debug|Any CPU
		{FA55489C-B31F-7D56-900A-771DBBA5CA99}.Debug|Any CPU.Build.0 = Debug|Any CPU
		{FA55489C-B31F-7D56-900A-771DBBA5CA99}.Release|Any CPU.ActiveCfg = Release|Any CPU
		{FA55489C-B31F-7D56-900A-771DBBA5CA99}.Release|Any CPU.Build.0 = Release|Any CPU
		{4C99A230-6AF4-4D76-B6AF-CA8DBBAB2934}.Debug|Any CPU.ActiveCfg = Debug|Any CPU
		{4C99A230-6AF4-4D76-B6AF-CA8DBBAB2934}.Debug|Any CPU.Build.0 = Debug|Any CPU
		{4C99A230-6AF4-4D76-B6AF-CA8DBBAB2934}.Release|Any CPU.ActiveCfg = Release|Any CPU
		{4C99A230-6AF4-4D76-B6AF-CA8DBBAB2934}.Release|Any CPU.Build.0 = Release|Any CPU
		{981365C8-AD83-DF36-43FD-2897B9DA76DE}.Debug|Any CPU.ActiveCfg = Debug|Any CPU
		{981365C8-AD83-DF36-43FD-2897B9DA76DE}.Debug|Any CPU.Build.0 = Debug|Any CPU
		{981365C8-AD83-DF36-43FD-2897B9DA76DE}.Release|Any CPU.ActiveCfg = Release|Any CPU
		{981365C8-AD83-DF36-43FD-2897B9DA76DE}.Release|Any CPU.Build.0 = Release|Any CPU
		{6C29ECC5-2343-792C-E5D2-F4E03386132E}.Debug|Any CPU.ActiveCfg = Debug|Any CPU
		{6C29ECC5-2343-792C-E5D2-F4E03386132E}.Debug|Any CPU.Build.0 = Debug|Any CPU
		{6C29ECC5-2343-792C-E5D2-F4E03386132E}.Release|Any CPU.ActiveCfg = Release|Any CPU
		{6C29ECC5-2343-792C-E5D2-F4E03386132E}.Release|Any CPU.Build.0 = Release|Any CPU
	EndGlobalSection
	GlobalSection(SolutionProperties) = preSolution
		HideSolutionNode = FALSE
	EndGlobalSection
EndGlobal
